
Microsoft Visual Studio Solution File, Format Version 12.00
# Visual Studio 2012
Project("{FAE04EC0-301F-11D3-BF4B-00C04F79EFBC}") = "mytools.Web", "mytools\mytools.Web.csproj", "{9EF2C507-F1B1-43F2-AB6D-305E93F58ED4}"
EndProject
Project("{FAE04EC0-301F-11D3-BF4B-00C04F79EFBC}") = "WeiXin.API", "WeiXin.API\WeiXin.API.csproj", "{995503A7-BDEE-400E-A17D-31A07FAA40BF}"
EndProject
Global
	GlobalSection(SolutionConfigurationPlatforms) = preSolution
		Debug|Any CPU = Debug|Any CPU
		Release|Any CPU = Release|Any CPU
	EndGlobalSection
	GlobalSection(ProjectConfigurationPlatforms) = postSolution
		{9EF2C507-F1B1-43F2-AB6D-305E93F58ED4}.Debug|Any CPU.ActiveCfg = Debug|Any CPU
		{9EF2C507-F1B1-43F2-AB6D-305E93F58ED4}.Debug|Any CPU.Build.0 = Debug|Any CPU
		{9EF2C507-F1B1-43F2-AB6D-305E93F58ED4}.Release|Any CPU.ActiveCfg = Release|Any CPU
		{9EF2C507-F1B1-43F2-AB6D-305E93F58ED4}.Release|Any CPU.Build.0 = Release|Any CPU
		{995503A7-BDEE-400E-A17D-31A07FAA40BF}.Debug|Any CPU.ActiveCfg = Debug|Any CPU
		{995503A7-BDEE-400E-A17D-31A07FAA40BF}.Debug|Any CPU.Build.0 = Debug|Any CPU
		{995503A7-BDEE-400E-A17D-31A07FAA40BF}.Release|Any CPU.ActiveCfg = Release|Any CPU
		{995503A7-BDEE-400E-A17D-31A07FAA40BF}.Release|Any CPU.Build.0 = Release|Any CPU
	EndGlobalSection
	GlobalSection(SolutionProperties) = preSolution
		HideSolutionNode = FALSE
	EndGlobalSection
EndGlobal
